
Microsoft Visual Studio Solution File, Format Version 12.00
# Visual Studio Version 17
VisualStudioVersion = 17.11.35222.181
MinimumVisualStudioVersion = 10.0.40219.1
Project("{FAE04EC0-301F-11D3-BF4B-00C04F79EFBC}") = "Desafio05_InverterString", "Desafio05_InverterString\Desafio05_InverterString.csproj", "{B0031193-4750-43C6-B911-8A400BB0911C}"
EndProject
Global
	GlobalSection(SolutionConfigurationPlatforms) = preSolution
		Debug|Any CPU = Debug|Any CPU
		Release|Any CPU = Release|Any CPU
	EndGlobalSection
	GlobalSection(ProjectConfigurationPlatforms) = postSolution
		{B0031193-4750-43C6-B911-8A400BB0911C}.Debug|Any CPU.ActiveCfg = Debug|Any CPU
		{B0031193-4750-43C6-B911-8A400BB0911C}.Debug|Any CPU.Build.0 = Debug|Any CPU
		{B0031193-4750-43C6-B911-8A400BB0911C}.Release|Any CPU.ActiveCfg = Release|Any CPU
		{B0031193-4750-43C6-B911-8A400BB0911C}.Release|Any CPU.Build.0 = Release|Any CPU
	EndGlobalSection
	GlobalSection(SolutionProperties) = preSolution
		HideSolutionNode = FALSE
	EndGlobalSection
	GlobalSection(ExtensibilityGlobals) = postSolution
		SolutionGuid = {8BC09714-AF7A-4C7B-9A6D-1911E88CF403}
	EndGlobalSection
EndGlobal
