
Microsoft Visual Studio Solution File, Format Version 12.00
# Visual Studio Version 17
VisualStudioVersion = 17.11.35222.181
MinimumVisualStudioVersion = 10.0.40219.1
Project("{FAE04EC0-301F-11D3-BF4B-00C04F79EFBC}") = "Desafio01_SomaIncremental", "Desafio01_SomaIncremental\Desafio01_SomaIncremental.csproj", "{99719C8E-F813-4957-9797-B8007C08447B}"
EndProject
Global
	GlobalSection(SolutionConfigurationPlatforms) = preSolution
		Debug|Any CPU = Debug|Any CPU
		Release|Any CPU = Release|Any CPU
	EndGlobalSection
	GlobalSection(ProjectConfigurationPlatforms) = postSolution
		{99719C8E-F813-4957-9797-B8007C08447B}.Debug|Any CPU.ActiveCfg = Debug|Any CPU
		{99719C8E-F813-4957-9797-B8007C08447B}.Debug|Any CPU.Build.0 = Debug|Any CPU
		{99719C8E-F813-4957-9797-B8007C08447B}.Release|Any CPU.ActiveCfg = Release|Any CPU
		{99719C8E-F813-4957-9797-B8007C08447B}.Release|Any CPU.Build.0 = Release|Any CPU
	EndGlobalSection
	GlobalSection(SolutionProperties) = preSolution
		HideSolutionNode = FALSE
	EndGlobalSection
	GlobalSection(ExtensibilityGlobals) = postSolution
		SolutionGuid = {9E3BC139-F72A-449D-8CFE-4DE17227AF7C}
	EndGlobalSection
EndGlobal
